
Microsoft Visual Studio Solution File, Format Version 12.00
# Visual Studio Version 16
VisualStudioVersion = 16.0.31624.102
MinimumVisualStudioVersion = 10.0.40219.1
Project("{FAE04EC0-301F-11D3-BF4B-00C04F79EFBC}") = "Concord Cougars Course Project", "Concord Cougars Course Project.csproj", "{FD3974C9-4CED-4318-907A-D335AF1633C7}"
EndProject
Global
	GlobalSection(SolutionConfigurationPlatforms) = preSolution
		Debug|Any CPU = Debug|Any CPU
		Release|Any CPU = Release|Any CPU
	EndGlobalSection
	GlobalSection(ProjectConfigurationPlatforms) = postSolution
		{FD3974C9-4CED-4318-907A-D335AF1633C7}.Debug|Any CPU.ActiveCfg = Debug|Any CPU
		{FD3974C9-4CED-4318-907A-D335AF1633C7}.Debug|Any CPU.Build.0 = Debug|Any CPU
		{FD3974C9-4CED-4318-907A-D335AF1633C7}.Release|Any CPU.ActiveCfg = Release|Any CPU
		{FD3974C9-4CED-4318-907A-D335AF1633C7}.Release|Any CPU.Build.0 = Release|Any CPU
	EndGlobalSection
	GlobalSection(SolutionProperties) = preSolution
		HideSolutionNode = FALSE
	EndGlobalSection
	GlobalSection(ExtensibilityGlobals) = postSolution
		SolutionGuid = {5FD96A94-9E68-4392-9A3E-E7EE8639EBF8}
	EndGlobalSection
EndGlobal
